
Microsoft Visual Studio Solution File, Format Version 12.00
# Visual Studio 15
VisualStudioVersion = 15.0.28010.2050
MinimumVisualStudioVersion = 10.0.40219.1
Project("{FAE04EC0-301F-11D3-BF4B-00C04F79EFBC}") = "Charitably API", "Charitably API\Charitably API.csproj", "{327D84A4-7E9E-4E84-BABB-4192EE492114}"
EndProject
Project("{FAE04EC0-301F-11D3-BF4B-00C04F79EFBC}") = "Charitably API.Tests", "Charitably API.Tests\Charitably API.Tests.csproj", "{3D48EFDC-792B-47FC-BE8A-13E190BEF4F2}"
EndProject
Global
	GlobalSection(SolutionConfigurationPlatforms) = preSolution
		Debug|Any CPU = Debug|Any CPU
		Release|Any CPU = Release|Any CPU
	EndGlobalSection
	GlobalSection(ProjectConfigurationPlatforms) = postSolution
		{327D84A4-7E9E-4E84-BABB-4192EE492114}.Debug|Any CPU.ActiveCfg = Debug|Any CPU
		{327D84A4-7E9E-4E84-BABB-4192EE492114}.Debug|Any CPU.Build.0 = Debug|Any CPU
		{327D84A4-7E9E-4E84-BABB-4192EE492114}.Release|Any CPU.ActiveCfg = Release|Any CPU
		{327D84A4-7E9E-4E84-BABB-4192EE492114}.Release|Any CPU.Build.0 = Release|Any CPU
		{3D48EFDC-792B-47FC-BE8A-13E190BEF4F2}.Debug|Any CPU.ActiveCfg = Debug|Any CPU
		{3D48EFDC-792B-47FC-BE8A-13E190BEF4F2}.Debug|Any CPU.Build.0 = Debug|Any CPU
		{3D48EFDC-792B-47FC-BE8A-13E190BEF4F2}.Release|Any CPU.ActiveCfg = Release|Any CPU
		{3D48EFDC-792B-47FC-BE8A-13E190BEF4F2}.Release|Any CPU.Build.0 = Release|Any CPU
	EndGlobalSection
	GlobalSection(SolutionProperties) = preSolution
		HideSolutionNode = FALSE
	EndGlobalSection
	GlobalSection(ExtensibilityGlobals) = postSolution
		SolutionGuid = {B6CE41E0-4208-4F60-AE44-E45E57294BDB}
	EndGlobalSection
EndGlobal
